
Microsoft Visual Studio Solution File, Format Version 12.00
# Visual Studio Version 17
VisualStudioVersion = 17.11.35201.85
MinimumVisualStudioVersion = 10.0.40219.1
Project("{9A19103F-16F7-4668-BE54-9A1E7A4F7556}") = "ComponentTool.Test", "src\ComponentTool.Test\ComponentTool.Test.csproj", "{9DE4D6BD-AA09-40F5-AFAE-530317625B9E}"
EndProject
Project("{9A19103F-16F7-4668-BE54-9A1E7A4F7556}") = "ComponentTool", "src\ComponentTool\ComponentTool.csproj", "{24C396F9-5BA6-405A-AD05-295804A73FA5}"
EndProject
Project("{9A19103F-16F7-4668-BE54-9A1E7A4F7556}") = "ComponentTool.App", "src\ComponentTool.App\ComponentTool.App.csproj", "{6D4785EC-746B-4769-9BB5-566DE924E725}"
EndProject
Global
	GlobalSection(SolutionConfigurationPlatforms) = preSolution
		Debug|Any CPU = Debug|Any CPU
		Release|Any CPU = Release|Any CPU
	EndGlobalSection
	GlobalSection(ProjectConfigurationPlatforms) = postSolution
		{9DE4D6BD-AA09-40F5-AFAE-530317625B9E}.Debug|Any CPU.ActiveCfg = Debug|Any CPU
		{9DE4D6BD-AA09-40F5-AFAE-530317625B9E}.Debug|Any CPU.Build.0 = Debug|Any CPU
		{9DE4D6BD-AA09-40F5-AFAE-530317625B9E}.Release|Any CPU.ActiveCfg = Release|Any CPU
		{9DE4D6BD-AA09-40F5-AFAE-530317625B9E}.Release|Any CPU.Build.0 = Release|Any CPU
		{24C396F9-5BA6-405A-AD05-295804A73FA5}.Debug|Any CPU.ActiveCfg = Debug|Any CPU
		{24C396F9-5BA6-405A-AD05-295804A73FA5}.Debug|Any CPU.Build.0 = Debug|Any CPU
		{24C396F9-5BA6-405A-AD05-295804A73FA5}.Release|Any CPU.ActiveCfg = Release|Any CPU
		{24C396F9-5BA6-405A-AD05-295804A73FA5}.Release|Any CPU.Build.0 = Release|Any CPU
		{6D4785EC-746B-4769-9BB5-566DE924E725}.Debug|Any CPU.ActiveCfg = Debug|Any CPU
		{6D4785EC-746B-4769-9BB5-566DE924E725}.Debug|Any CPU.Build.0 = Debug|Any CPU
		{6D4785EC-746B-4769-9BB5-566DE924E725}.Release|Any CPU.ActiveCfg = Release|Any CPU
		{6D4785EC-746B-4769-9BB5-566DE924E725}.Release|Any CPU.Build.0 = Release|Any CPU
	EndGlobalSection
	GlobalSection(SolutionProperties) = preSolution
		HideSolutionNode = FALSE
	EndGlobalSection
	GlobalSection(ExtensibilityGlobals) = postSolution
		SolutionGuid = {0899175D-5392-42F3-8678-E27C6195C02C}
	EndGlobalSection
EndGlobal
